
Microsoft Visual Studio Solution File, Format Version 12.00
# Visual Studio Version 17
VisualStudioVersion = 17.8.34525.116
MinimumVisualStudioVersion = 10.0.40219.1
Project("{2150E333-8FDC-42A3-9474-1A3956D46DE8}") = "Clients", "Clients", "{BA844290-97D0-44F5-85F5-F4734D94C883}"
EndProject
Project("{2150E333-8FDC-42A3-9474-1A3956D46DE8}") = "Services", "Services", "{D0C09AF8-BC70-478F-BEF0-7D29C6DA78B9}"
EndProject
Project("{2150E333-8FDC-42A3-9474-1A3956D46DE8}") = "Persistences", "Persistences", "{46E13B8A-408E-4800-8372-70D0B0B96E03}"
EndProject
Project("{9A19103F-16F7-4668-BE54-9A1E7A4F7556}") = "Database.AlphaBank", "src\Persistences\Database.AlphaBank\Database.AlphaBank.csproj", "{DAE58D9A-4631-4A8E-8298-3AB6B041B2E8}"
EndProject
Project("{2150E333-8FDC-42A3-9474-1A3956D46DE8}") = "Models", "Models", "{F210E6FF-7A59-4A82-B3A5-DB21A1EC2566}"
EndProject
Project("{2150E333-8FDC-42A3-9474-1A3956D46DE8}") = "Dtos", "Dtos", "{22170500-389A-462C-92B0-1C8DB669D617}"
EndProject
Project("{9A19103F-16F7-4668-BE54-9A1E7A4F7556}") = "Data.AlphaBank", "src\Models\Data.AlphaBank\Data.AlphaBank.csproj", "{5EAF963F-DBD8-4C3E-8B5F-C2F6F74ECA68}"
EndProject
Project("{9A19103F-16F7-4668-BE54-9A1E7A4F7556}") = "WebClient", "src\Clients\WebClient\WebClient.csproj", "{18ED7027-91BA-4C15-A5F2-577B152122E8}"
EndProject
Project("{2150E333-8FDC-42A3-9474-1A3956D46DE8}") = "Repositories", "Repositories", "{F123F593-D34C-4947-B25A-745AA92DDA3B}"
EndProject
Project("{9A19103F-16F7-4668-BE54-9A1E7A4F7556}") = "Repository.Security", "src\Repositories\Repository.Security\Repository.Security.csproj", "{66BCFF76-2F8F-4EBC-BBBC-A47E8129FA1C}"
EndProject
Project("{2150E333-8FDC-42A3-9474-1A3956D46DE8}") = "Interfaces", "Interfaces", "{055310DA-AC61-4D52-B6B8-84B24CDEF5A7}"
EndProject
Project("{9A19103F-16F7-4668-BE54-9A1E7A4F7556}") = "Interfaces.Security", "src\Interfaces\Interfaces.Security\Interfaces.Security.csproj", "{AC19889A-7176-45E0-BDA0-9E7FEC027A49}"
EndProject
Project("{9A19103F-16F7-4668-BE54-9A1E7A4F7556}") = "Service.Security", "src\Services\Service.Security\Service.Security.csproj", "{85355C6F-D9ED-4A75-BF94-D9DE98E11781}"
EndProject
Project("{9A19103F-16F7-4668-BE54-9A1E7A4F7556}") = "Dtos.AlphaBank", "src\Dtos\Dtos.AlphaBank\Dtos.AlphaBank.csproj", "{D60F4A05-7760-485A-8E4D-B7649BD73727}"
EndProject
Project("{9A19103F-16F7-4668-BE54-9A1E7A4F7556}") = "Repository.Common", "src\Repositories\Repository.Common\Repository.Common.csproj", "{877B691F-6C76-4923-8C10-16E13E636CFF}"
EndProject
Project("{9A19103F-16F7-4668-BE54-9A1E7A4F7556}") = "Interfaces.Common", "src\Interfaces\Interfaces.Common\Interfaces.Common.csproj", "{4785C1E7-B416-462F-9C2C-AD3B28E6AE88}"
EndProject
Project("{9A19103F-16F7-4668-BE54-9A1E7A4F7556}") = "Repository.BankAccounts", "src\Repositories\Repository.BankAccounts\Repository.BankAccounts.csproj", "{AB922C82-859C-4FB7-A2AE-9D9533C174B9}"
EndProject
Project("{9A19103F-16F7-4668-BE54-9A1E7A4F7556}") = "Interfaces.BankAccounts", "src\Interfaces\Interfaces.BankAccounts\Interfaces.BankAccounts.csproj", "{BD23E9DB-71CF-48A2-894E-BCC6BC377DC0}"
EndProject
Project("{9A19103F-16F7-4668-BE54-9A1E7A4F7556}") = "Service.Common", "src\Services\Service.Common\Service.Common.csproj", "{87CC7086-C807-41D7-8930-A14EBD5F183E}"
EndProject
Project("{2150E333-8FDC-42A3-9474-1A3956D46DE8}") = "Mappers", "Mappers", "{6A8B1632-8463-4A25-A43C-5751B89840BB}"
EndProject
Project("{9A19103F-16F7-4668-BE54-9A1E7A4F7556}") = "Mapper.Security", "src\Mappers\Mapper.Security\Mapper.Security.csproj", "{937D6D77-F0B9-421A-9C92-0E3D9A751076}"
EndProject
Project("{9A19103F-16F7-4668-BE54-9A1E7A4F7556}") = "UnitOfWork", "src\Repositories\UnitOfWork\UnitOfWork.csproj", "{4BAB382F-D673-4760-B452-B4620AD16941}"
EndProject
Project("{9A19103F-16F7-4668-BE54-9A1E7A4F7556}") = "Service.BankAccounts", "src\Services\Service.BankAccounts\Service.BankAccounts.csproj", "{D78AFEA6-9BE6-464A-95F5-5F4FC98138A5}"
EndProject
Project("{9A19103F-16F7-4668-BE54-9A1E7A4F7556}") = "Mapper.BankAccounts", "src\Mappers\Mapper.BankAccounts\Mapper.BankAccounts.csproj", "{BD4A6EFD-DD74-4501-B704-16512B46194A}"
EndProject
Project("{9A19103F-16F7-4668-BE54-9A1E7A4F7556}") = "Mapper.Common", "src\Mappers\Mapper.Common\Mapper.Common.csproj", "{F809EC0F-2682-4D72-B90D-0B7633A6F7E5}"
EndProject
Project("{2150E333-8FDC-42A3-9474-1A3956D46DE8}") = "Testing", "Testing", "{EE1E8CBA-3486-40DA-A392-433A69E96FB1}"
EndProject
Project("{9A19103F-16F7-4668-BE54-9A1E7A4F7556}") = "Test", "src\Testing\Test\Test.csproj", "{B6A3CA5E-7FBB-4DED-BCDA-9A5611CC1870}"
EndProject
Project("{9A19103F-16F7-4668-BE54-9A1E7A4F7556}") = "Interfaces.AnalyzeLoanOpportunities", "src\Interfaces\Interfaces.AnalyzeLoanOpportunities\Interfaces.AnalyzeLoanOpportunities.csproj", "{C470BE1D-1211-4BB3-9799-E41E49D74547}"
EndProject
Project("{9A19103F-16F7-4668-BE54-9A1E7A4F7556}") = "Repository.AnalyzeLoanOpportunities", "src\Repositories\Repository.AnalyzeLoanOpportunities\Repository.AnalyzeLoanOpportunities.csproj", "{DCD9BA1A-B826-411D-9D32-CD3BFCCE9962}"
EndProject
Project("{9A19103F-16F7-4668-BE54-9A1E7A4F7556}") = "Service.AnalyzeLoanOpportunities", "src\Services\Service.AnalyzeLoanOpportunities\Service.AnalyzeLoanOpportunities.csproj", "{CE8B9DE9-CBEE-4476-8B05-B12300A65B95}"
EndProject
Project("{9A19103F-16F7-4668-BE54-9A1E7A4F7556}") = "Mapper.AnalyzeLoanOpportunities", "src\Mappers\Mapper.AnalyzeLoanOpportunities\Mapper.AnalyzeLoanOpportunities.csproj", "{AFAD435B-BF11-452A-9E63-E9C94A252B33}"
EndProject
Project("{9A19103F-16F7-4668-BE54-9A1E7A4F7556}") = "Interfaces.GrantingLoans", "src\Interfaces\Interfaces.GrantingLoans\Interfaces.GrantingLoans.csproj", "{6BF3B6B8-3574-4474-A161-CC117B826FD6}"
EndProject
Project("{9A19103F-16F7-4668-BE54-9A1E7A4F7556}") = "Service.GrantingLoans", "src\Services\Service.GrantingLoans\Service.GrantingLoans.csproj", "{1C846F38-EFD3-4E06-87AF-0542EBB78D03}"
EndProject
Project("{9A19103F-16F7-4668-BE54-9A1E7A4F7556}") = "Repository.ContinueLoans", "src\Interfaces\Repository.ContinueLoans\Repository.ContinueLoans.csproj", "{A4952C82-E814-4279-BE2D-E619D37FF32A}"
EndProject
Project("{9A19103F-16F7-4668-BE54-9A1E7A4F7556}") = "Service.ContinueLoans", "src\Services\Service.ContinueLoans\Service.ContinueLoans.csproj", "{B4571D61-703F-4810-892C-3FF9D9783E20}"
EndProject
Project("{9A19103F-16F7-4668-BE54-9A1E7A4F7556}") = "Mapper.ContinueLoans", "src\Mappers\Mapper.ContinueLoans\Mapper.ContinueLoans.csproj", "{F52FA7D4-31E8-4EC9-8C37-55D497320E14}"
EndProject
Global
	GlobalSection(SolutionConfigurationPlatforms) = preSolution
		Debug|Any CPU = Debug|Any CPU
		Release|Any CPU = Release|Any CPU
	EndGlobalSection
	GlobalSection(ProjectConfigurationPlatforms) = postSolution
		{DAE58D9A-4631-4A8E-8298-3AB6B041B2E8}.Debug|Any CPU.ActiveCfg = Debug|Any CPU
		{DAE58D9A-4631-4A8E-8298-3AB6B041B2E8}.Debug|Any CPU.Build.0 = Debug|Any CPU
		{DAE58D9A-4631-4A8E-8298-3AB6B041B2E8}.Release|Any CPU.ActiveCfg = Release|Any CPU
		{DAE58D9A-4631-4A8E-8298-3AB6B041B2E8}.Release|Any CPU.Build.0 = Release|Any CPU
		{5EAF963F-DBD8-4C3E-8B5F-C2F6F74ECA68}.Debug|Any CPU.ActiveCfg = Debug|Any CPU
		{5EAF963F-DBD8-4C3E-8B5F-C2F6F74ECA68}.Debug|Any CPU.Build.0 = Debug|Any CPU
		{5EAF963F-DBD8-4C3E-8B5F-C2F6F74ECA68}.Release|Any CPU.ActiveCfg = Release|Any CPU
		{5EAF963F-DBD8-4C3E-8B5F-C2F6F74ECA68}.Release|Any CPU.Build.0 = Release|Any CPU
		{18ED7027-91BA-4C15-A5F2-577B152122E8}.Debug|Any CPU.ActiveCfg = Debug|Any CPU
		{18ED7027-91BA-4C15-A5F2-577B152122E8}.Debug|Any CPU.Build.0 = Debug|Any CPU
		{18ED7027-91BA-4C15-A5F2-577B152122E8}.Release|Any CPU.ActiveCfg = Release|Any CPU
		{18ED7027-91BA-4C15-A5F2-577B152122E8}.Release|Any CPU.Build.0 = Release|Any CPU
		{66BCFF76-2F8F-4EBC-BBBC-A47E8129FA1C}.Debug|Any CPU.ActiveCfg = Debug|Any CPU
		{66BCFF76-2F8F-4EBC-BBBC-A47E8129FA1C}.Debug|Any CPU.Build.0 = Debug|Any CPU
		{66BCFF76-2F8F-4EBC-BBBC-A47E8129FA1C}.Release|Any CPU.ActiveCfg = Release|Any CPU
		{66BCFF76-2F8F-4EBC-BBBC-A47E8129FA1C}.Release|Any CPU.Build.0 = Release|Any CPU
		{AC19889A-7176-45E0-BDA0-9E7FEC027A49}.Debug|Any CPU.ActiveCfg = Debug|Any CPU
		{AC19889A-7176-45E0-BDA0-9E7FEC027A49}.Debug|Any CPU.Build.0 = Debug|Any CPU
		{AC19889A-7176-45E0-BDA0-9E7FEC027A49}.Release|Any CPU.ActiveCfg = Release|Any CPU
		{AC19889A-7176-45E0-BDA0-9E7FEC027A49}.Release|Any CPU.Build.0 = Release|Any CPU
		{85355C6F-D9ED-4A75-BF94-D9DE98E11781}.Debug|Any CPU.ActiveCfg = Debug|Any CPU
		{85355C6F-D9ED-4A75-BF94-D9DE98E11781}.Debug|Any CPU.Build.0 = Debug|Any CPU
		{85355C6F-D9ED-4A75-BF94-D9DE98E11781}.Release|Any CPU.ActiveCfg = Release|Any CPU
		{85355C6F-D9ED-4A75-BF94-D9DE98E11781}.Release|Any CPU.Build.0 = Release|Any CPU
		{D60F4A05-7760-485A-8E4D-B7649BD73727}.Debug|Any CPU.ActiveCfg = Debug|Any CPU
		{D60F4A05-7760-485A-8E4D-B7649BD73727}.Debug|Any CPU.Build.0 = Debug|Any CPU
		{D60F4A05-7760-485A-8E4D-B7649BD73727}.Release|Any CPU.ActiveCfg = Release|Any CPU
		{D60F4A05-7760-485A-8E4D-B7649BD73727}.Release|Any CPU.Build.0 = Release|Any CPU
		{877B691F-6C76-4923-8C10-16E13E636CFF}.Debug|Any CPU.ActiveCfg = Debug|Any CPU
		{877B691F-6C76-4923-8C10-16E13E636CFF}.Debug|Any CPU.Build.0 = Debug|Any CPU
		{877B691F-6C76-4923-8C10-16E13E636CFF}.Release|Any CPU.ActiveCfg = Release|Any CPU
		{877B691F-6C76-4923-8C10-16E13E636CFF}.Release|Any CPU.Build.0 = Release|Any CPU
		{4785C1E7-B416-462F-9C2C-AD3B28E6AE88}.Debug|Any CPU.ActiveCfg = Debug|Any CPU
		{4785C1E7-B416-462F-9C2C-AD3B28E6AE88}.Debug|Any CPU.Build.0 = Debug|Any CPU
		{4785C1E7-B416-462F-9C2C-AD3B28E6AE88}.Release|Any CPU.ActiveCfg = Release|Any CPU
		{4785C1E7-B416-462F-9C2C-AD3B28E6AE88}.Release|Any CPU.Build.0 = Release|Any CPU
		{AB922C82-859C-4FB7-A2AE-9D9533C174B9}.Debug|Any CPU.ActiveCfg = Debug|Any CPU
		{AB922C82-859C-4FB7-A2AE-9D9533C174B9}.Debug|Any CPU.Build.0 = Debug|Any CPU
		{AB922C82-859C-4FB7-A2AE-9D9533C174B9}.Release|Any CPU.ActiveCfg = Release|Any CPU
		{AB922C82-859C-4FB7-A2AE-9D9533C174B9}.Release|Any CPU.Build.0 = Release|Any CPU
		{BD23E9DB-71CF-48A2-894E-BCC6BC377DC0}.Debug|Any CPU.ActiveCfg = Debug|Any CPU
		{BD23E9DB-71CF-48A2-894E-BCC6BC377DC0}.Debug|Any CPU.Build.0 = Debug|Any CPU
		{BD23E9DB-71CF-48A2-894E-BCC6BC377DC0}.Release|Any CPU.ActiveCfg = Release|Any CPU
		{BD23E9DB-71CF-48A2-894E-BCC6BC377DC0}.Release|Any CPU.Build.0 = Release|Any CPU
		{87CC7086-C807-41D7-8930-A14EBD5F183E}.Debug|Any CPU.ActiveCfg = Debug|Any CPU
		{87CC7086-C807-41D7-8930-A14EBD5F183E}.Debug|Any CPU.Build.0 = Debug|Any CPU
		{87CC7086-C807-41D7-8930-A14EBD5F183E}.Release|Any CPU.ActiveCfg = Release|Any CPU
		{87CC7086-C807-41D7-8930-A14EBD5F183E}.Release|Any CPU.Build.0 = Release|Any CPU
		{937D6D77-F0B9-421A-9C92-0E3D9A751076}.Debug|Any CPU.ActiveCfg = Debug|Any CPU
		{937D6D77-F0B9-421A-9C92-0E3D9A751076}.Debug|Any CPU.Build.0 = Debug|Any CPU
		{937D6D77-F0B9-421A-9C92-0E3D9A751076}.Release|Any CPU.ActiveCfg = Release|Any CPU
		{937D6D77-F0B9-421A-9C92-0E3D9A751076}.Release|Any CPU.Build.0 = Release|Any CPU
		{4BAB382F-D673-4760-B452-B4620AD16941}.Debug|Any CPU.ActiveCfg = Debug|Any CPU
		{4BAB382F-D673-4760-B452-B4620AD16941}.Debug|Any CPU.Build.0 = Debug|Any CPU
		{4BAB382F-D673-4760-B452-B4620AD16941}.Release|Any CPU.ActiveCfg = Release|Any CPU
		{4BAB382F-D673-4760-B452-B4620AD16941}.Release|Any CPU.Build.0 = Release|Any CPU
		{D78AFEA6-9BE6-464A-95F5-5F4FC98138A5}.Debug|Any CPU.ActiveCfg = Debug|Any CPU
		{D78AFEA6-9BE6-464A-95F5-5F4FC98138A5}.Debug|Any CPU.Build.0 = Debug|Any CPU
		{D78AFEA6-9BE6-464A-95F5-5F4FC98138A5}.Release|Any CPU.ActiveCfg = Release|Any CPU
		{D78AFEA6-9BE6-464A-95F5-5F4FC98138A5}.Release|Any CPU.Build.0 = Release|Any CPU
		{BD4A6EFD-DD74-4501-B704-16512B46194A}.Debug|Any CPU.ActiveCfg = Debug|Any CPU
		{BD4A6EFD-DD74-4501-B704-16512B46194A}.Debug|Any CPU.Build.0 = Debug|Any CPU
		{BD4A6EFD-DD74-4501-B704-16512B46194A}.Release|Any CPU.ActiveCfg = Release|Any CPU
		{BD4A6EFD-DD74-4501-B704-16512B46194A}.Release|Any CPU.Build.0 = Release|Any CPU
		{F809EC0F-2682-4D72-B90D-0B7633A6F7E5}.Debug|Any CPU.ActiveCfg = Debug|Any CPU
		{F809EC0F-2682-4D72-B90D-0B7633A6F7E5}.Debug|Any CPU.Build.0 = Debug|Any CPU
		{F809EC0F-2682-4D72-B90D-0B7633A6F7E5}.Release|Any CPU.ActiveCfg = Release|Any CPU
		{F809EC0F-2682-4D72-B90D-0B7633A6F7E5}.Release|Any CPU.Build.0 = Release|Any CPU
		{B6A3CA5E-7FBB-4DED-BCDA-9A5611CC1870}.Debug|Any CPU.ActiveCfg = Debug|Any CPU
		{B6A3CA5E-7FBB-4DED-BCDA-9A5611CC1870}.Debug|Any CPU.Build.0 = Debug|Any CPU
		{B6A3CA5E-7FBB-4DED-BCDA-9A5611CC1870}.Release|Any CPU.ActiveCfg = Release|Any CPU
		{B6A3CA5E-7FBB-4DED-BCDA-9A5611CC1870}.Release|Any CPU.Build.0 = Release|Any CPU
		{C470BE1D-1211-4BB3-9799-E41E49D74547}.Debug|Any CPU.ActiveCfg = Debug|Any CPU
		{C470BE1D-1211-4BB3-9799-E41E49D74547}.Debug|Any CPU.Build.0 = Debug|Any CPU
		{C470BE1D-1211-4BB3-9799-E41E49D74547}.Release|Any CPU.ActiveCfg = Release|Any CPU
		{C470BE1D-1211-4BB3-9799-E41E49D74547}.Release|Any CPU.Build.0 = Release|Any CPU
		{DCD9BA1A-B826-411D-9D32-CD3BFCCE9962}.Debug|Any CPU.ActiveCfg = Debug|Any CPU
		{DCD9BA1A-B826-411D-9D32-CD3BFCCE9962}.Debug|Any CPU.Build.0 = Debug|Any CPU
		{DCD9BA1A-B826-411D-9D32-CD3BFCCE9962}.Release|Any CPU.ActiveCfg = Release|Any CPU
		{DCD9BA1A-B826-411D-9D32-CD3BFCCE9962}.Release|Any CPU.Build.0 = Release|Any CPU
		{CE8B9DE9-CBEE-4476-8B05-B12300A65B95}.Debug|Any CPU.ActiveCfg = Debug|Any CPU
		{CE8B9DE9-CBEE-4476-8B05-B12300A65B95}.Debug|Any CPU.Build.0 = Debug|Any CPU
		{CE8B9DE9-CBEE-4476-8B05-B12300A65B95}.Release|Any CPU.ActiveCfg = Release|Any CPU
		{CE8B9DE9-CBEE-4476-8B05-B12300A65B95}.Release|Any CPU.Build.0 = Release|Any CPU
		{AFAD435B-BF11-452A-9E63-E9C94A252B33}.Debug|Any CPU.ActiveCfg = Debug|Any CPU
		{AFAD435B-BF11-452A-9E63-E9C94A252B33}.Debug|Any CPU.Build.0 = Debug|Any CPU
		{AFAD435B-BF11-452A-9E63-E9C94A252B33}.Release|Any CPU.ActiveCfg = Release|Any CPU
		{AFAD435B-BF11-452A-9E63-E9C94A252B33}.Release|Any CPU.Build.0 = Release|Any CPU
		{6BF3B6B8-3574-4474-A161-CC117B826FD6}.Debug|Any CPU.ActiveCfg = Debug|Any CPU
		{6BF3B6B8-3574-4474-A161-CC117B826FD6}.Debug|Any CPU.Build.0 = Debug|Any CPU
		{6BF3B6B8-3574-4474-A161-CC117B826FD6}.Release|Any CPU.ActiveCfg = Release|Any CPU
		{6BF3B6B8-3574-4474-A161-CC117B826FD6}.Release|Any CPU.Build.0 = Release|Any CPU
		{1C846F38-EFD3-4E06-87AF-0542EBB78D03}.Debug|Any CPU.ActiveCfg = Debug|Any CPU
		{1C846F38-EFD3-4E06-87AF-0542EBB78D03}.Debug|Any CPU.Build.0 = Debug|Any CPU
		{1C846F38-EFD3-4E06-87AF-0542EBB78D03}.Release|Any CPU.ActiveCfg = Release|Any CPU
		{1C846F38-EFD3-4E06-87AF-0542EBB78D03}.Release|Any CPU.Build.0 = Release|Any CPU
		{A4952C82-E814-4279-BE2D-E619D37FF32A}.Debug|Any CPU.ActiveCfg = Debug|Any CPU
		{A4952C82-E814-4279-BE2D-E619D37FF32A}.Debug|Any CPU.Build.0 = Debug|Any CPU
		{A4952C82-E814-4279-BE2D-E619D37FF32A}.Release|Any CPU.ActiveCfg = Release|Any CPU
		{A4952C82-E814-4279-BE2D-E619D37FF32A}.Release|Any CPU.Build.0 = Release|Any CPU
		{B4571D61-703F-4810-892C-3FF9D9783E20}.Debug|Any CPU.ActiveCfg = Debug|Any CPU
		{B4571D61-703F-4810-892C-3FF9D9783E20}.Debug|Any CPU.Build.0 = Debug|Any CPU
		{B4571D61-703F-4810-892C-3FF9D9783E20}.Release|Any CPU.ActiveCfg = Release|Any CPU
		{B4571D61-703F-4810-892C-3FF9D9783E20}.Release|Any CPU.Build.0 = Release|Any CPU
		{F52FA7D4-31E8-4EC9-8C37-55D497320E14}.Debug|Any CPU.ActiveCfg = Debug|Any CPU
		{F52FA7D4-31E8-4EC9-8C37-55D497320E14}.Debug|Any CPU.Build.0 = Debug|Any CPU
		{F52FA7D4-31E8-4EC9-8C37-55D497320E14}.Release|Any CPU.ActiveCfg = Release|Any CPU
		{F52FA7D4-31E8-4EC9-8C37-55D497320E14}.Release|Any CPU.Build.0 = Release|Any CPU
	EndGlobalSection
	GlobalSection(SolutionProperties) = preSolution
		HideSolutionNode = FALSE
	EndGlobalSection
	GlobalSection(NestedProjects) = preSolution
		{DAE58D9A-4631-4A8E-8298-3AB6B041B2E8} = {46E13B8A-408E-4800-8372-70D0B0B96E03}
		{5EAF963F-DBD8-4C3E-8B5F-C2F6F74ECA68} = {F210E6FF-7A59-4A82-B3A5-DB21A1EC2566}
		{18ED7027-91BA-4C15-A5F2-577B152122E8} = {BA844290-97D0-44F5-85F5-F4734D94C883}
		{66BCFF76-2F8F-4EBC-BBBC-A47E8129FA1C} = {F123F593-D34C-4947-B25A-745AA92DDA3B}
		{AC19889A-7176-45E0-BDA0-9E7FEC027A49} = {055310DA-AC61-4D52-B6B8-84B24CDEF5A7}
		{85355C6F-D9ED-4A75-BF94-D9DE98E11781} = {D0C09AF8-BC70-478F-BEF0-7D29C6DA78B9}
		{D60F4A05-7760-485A-8E4D-B7649BD73727} = {22170500-389A-462C-92B0-1C8DB669D617}
		{877B691F-6C76-4923-8C10-16E13E636CFF} = {F123F593-D34C-4947-B25A-745AA92DDA3B}
		{4785C1E7-B416-462F-9C2C-AD3B28E6AE88} = {055310DA-AC61-4D52-B6B8-84B24CDEF5A7}
		{AB922C82-859C-4FB7-A2AE-9D9533C174B9} = {F123F593-D34C-4947-B25A-745AA92DDA3B}
		{BD23E9DB-71CF-48A2-894E-BCC6BC377DC0} = {055310DA-AC61-4D52-B6B8-84B24CDEF5A7}
		{87CC7086-C807-41D7-8930-A14EBD5F183E} = {D0C09AF8-BC70-478F-BEF0-7D29C6DA78B9}
		{937D6D77-F0B9-421A-9C92-0E3D9A751076} = {6A8B1632-8463-4A25-A43C-5751B89840BB}
		{4BAB382F-D673-4760-B452-B4620AD16941} = {F123F593-D34C-4947-B25A-745AA92DDA3B}
		{D78AFEA6-9BE6-464A-95F5-5F4FC98138A5} = {D0C09AF8-BC70-478F-BEF0-7D29C6DA78B9}
		{BD4A6EFD-DD74-4501-B704-16512B46194A} = {6A8B1632-8463-4A25-A43C-5751B89840BB}
		{F809EC0F-2682-4D72-B90D-0B7633A6F7E5} = {6A8B1632-8463-4A25-A43C-5751B89840BB}
		{B6A3CA5E-7FBB-4DED-BCDA-9A5611CC1870} = {EE1E8CBA-3486-40DA-A392-433A69E96FB1}
		{C470BE1D-1211-4BB3-9799-E41E49D74547} = {055310DA-AC61-4D52-B6B8-84B24CDEF5A7}
		{DCD9BA1A-B826-411D-9D32-CD3BFCCE9962} = {F123F593-D34C-4947-B25A-745AA92DDA3B}
		{CE8B9DE9-CBEE-4476-8B05-B12300A65B95} = {D0C09AF8-BC70-478F-BEF0-7D29C6DA78B9}
		{AFAD435B-BF11-452A-9E63-E9C94A252B33} = {6A8B1632-8463-4A25-A43C-5751B89840BB}
		{6BF3B6B8-3574-4474-A161-CC117B826FD6} = {055310DA-AC61-4D52-B6B8-84B24CDEF5A7}
		{1C846F38-EFD3-4E06-87AF-0542EBB78D03} = {D0C09AF8-BC70-478F-BEF0-7D29C6DA78B9}
		{A4952C82-E814-4279-BE2D-E619D37FF32A} = {055310DA-AC61-4D52-B6B8-84B24CDEF5A7}
		{B4571D61-703F-4810-892C-3FF9D9783E20} = {D0C09AF8-BC70-478F-BEF0-7D29C6DA78B9}
		{F52FA7D4-31E8-4EC9-8C37-55D497320E14} = {6A8B1632-8463-4A25-A43C-5751B89840BB}
	EndGlobalSection
	GlobalSection(ExtensibilityGlobals) = postSolution
		SolutionGuid = {0F2F7AD8-F594-44C9-A77B-6B2CA0922419}
	EndGlobalSection
EndGlobal
