
Microsoft Visual Studio Solution File, Format Version 12.00
# Visual Studio Version 17
VisualStudioVersion = 17.8.34525.116
MinimumVisualStudioVersion = 10.0.40219.1
Project("{2150E333-8FDC-42A3-9474-1A3956D46DE8}") = "Clients", "Clients", "{BA844290-97D0-44F5-85F5-F4734D94C883}"
EndProject
Project("{2150E333-8FDC-42A3-9474-1A3956D46DE8}") = "Services", "Services", "{D0C09AF8-BC70-478F-BEF0-7D29C6DA78B9}"
EndProject
Project("{2150E333-8FDC-42A3-9474-1A3956D46DE8}") = "Common", "Common", "{F6CCCD51-8002-4DC9-8803-A8F3587779DC}"
EndProject
Project("{2150E333-8FDC-42A3-9474-1A3956D46DE8}") = "Persistences", "Persistences", "{46E13B8A-408E-4800-8372-70D0B0B96E03}"
EndProject
Project("{9A19103F-16F7-4668-BE54-9A1E7A4F7556}") = "Database.AlphaBank", "src\Persistences\Database.AlphaBank\Database.AlphaBank.csproj", "{DAE58D9A-4631-4A8E-8298-3AB6B041B2E8}"
EndProject
Project("{2150E333-8FDC-42A3-9474-1A3956D46DE8}") = "Models", "Models", "{F210E6FF-7A59-4A82-B3A5-DB21A1EC2566}"
EndProject
Project("{2150E333-8FDC-42A3-9474-1A3956D46DE8}") = "Dtos", "Dtos", "{22170500-389A-462C-92B0-1C8DB669D617}"
EndProject
Project("{9A19103F-16F7-4668-BE54-9A1E7A4F7556}") = "Data.AlphaBank", "src\Models\Data.AlphaBank\Data.AlphaBank.csproj", "{5EAF963F-DBD8-4C3E-8B5F-C2F6F74ECA68}"
EndProject
Project("{9A19103F-16F7-4668-BE54-9A1E7A4F7556}") = "WebClient", "src\Clients\WebClient\WebClient.csproj", "{18ED7027-91BA-4C15-A5F2-577B152122E8}"
EndProject
Project("{2150E333-8FDC-42A3-9474-1A3956D46DE8}") = "Repositories", "Repositories", "{F123F593-D34C-4947-B25A-745AA92DDA3B}"
EndProject
Project("{9A19103F-16F7-4668-BE54-9A1E7A4F7556}") = "Repository.Security", "src\Repositories\Repository.Security\Repository.Security.csproj", "{66BCFF76-2F8F-4EBC-BBBC-A47E8129FA1C}"
EndProject
Project("{2150E333-8FDC-42A3-9474-1A3956D46DE8}") = "Interfaces", "Interfaces", "{055310DA-AC61-4D52-B6B8-84B24CDEF5A7}"
EndProject
Project("{9A19103F-16F7-4668-BE54-9A1E7A4F7556}") = "Interfaces.Security", "src\Interfaces\Interfaces.Security\Interfaces.Security.csproj", "{AC19889A-7176-45E0-BDA0-9E7FEC027A49}"
EndProject
Project("{9A19103F-16F7-4668-BE54-9A1E7A4F7556}") = "Service.Security", "src\Services\Service.Security\Service.Security.csproj", "{85355C6F-D9ED-4A75-BF94-D9DE98E11781}"
EndProject
Project("{9A19103F-16F7-4668-BE54-9A1E7A4F7556}") = "Dtos.AlphaBank", "src\Dtos\Dtos.AlphaBank\Dtos.AlphaBank.csproj", "{D60F4A05-7760-485A-8E4D-B7649BD73727}"
EndProject
Project("{FAE04EC0-301F-11D3-BF4B-00C04F79EFBC}") = "Repository.Common", "src\Repositories\Repository.Common\Repository.Common.csproj", "{877B691F-6C76-4923-8C10-16E13E636CFF}"
EndProject
Project("{FAE04EC0-301F-11D3-BF4B-00C04F79EFBC}") = "Interfaces.Common", "src\Interfaces\Interfaces.Common\Interfaces.Common.csproj", "{4785C1E7-B416-462F-9C2C-AD3B28E6AE88}"
EndProject
Project("{FAE04EC0-301F-11D3-BF4B-00C04F79EFBC}") = "Repository.BankAccounts", "src\Repositories\Repository.BankAccounts\Repository.BankAccounts.csproj", "{AB922C82-859C-4FB7-A2AE-9D9533C174B9}"
EndProject
Project("{FAE04EC0-301F-11D3-BF4B-00C04F79EFBC}") = "Interfaces.BankAccounts", "src\Interfaces\Interfaces.BankAccounts\Interfaces.BankAccounts.csproj", "{BD23E9DB-71CF-48A2-894E-BCC6BC377DC0}"
EndProject
Project("{FAE04EC0-301F-11D3-BF4B-00C04F79EFBC}") = "Service.Common", "src\Services\Service.Common\Service.Common.csproj", "{87CC7086-C807-41D7-8930-A14EBD5F183E}"
EndProject
Global
	GlobalSection(SolutionConfigurationPlatforms) = preSolution
		Debug|Any CPU = Debug|Any CPU
		Release|Any CPU = Release|Any CPU
	EndGlobalSection
	GlobalSection(ProjectConfigurationPlatforms) = postSolution
		{DAE58D9A-4631-4A8E-8298-3AB6B041B2E8}.Debug|Any CPU.ActiveCfg = Debug|Any CPU
		{DAE58D9A-4631-4A8E-8298-3AB6B041B2E8}.Debug|Any CPU.Build.0 = Debug|Any CPU
		{DAE58D9A-4631-4A8E-8298-3AB6B041B2E8}.Release|Any CPU.ActiveCfg = Release|Any CPU
		{DAE58D9A-4631-4A8E-8298-3AB6B041B2E8}.Release|Any CPU.Build.0 = Release|Any CPU
		{5EAF963F-DBD8-4C3E-8B5F-C2F6F74ECA68}.Debug|Any CPU.ActiveCfg = Debug|Any CPU
		{5EAF963F-DBD8-4C3E-8B5F-C2F6F74ECA68}.Debug|Any CPU.Build.0 = Debug|Any CPU
		{5EAF963F-DBD8-4C3E-8B5F-C2F6F74ECA68}.Release|Any CPU.ActiveCfg = Release|Any CPU
		{5EAF963F-DBD8-4C3E-8B5F-C2F6F74ECA68}.Release|Any CPU.Build.0 = Release|Any CPU
		{18ED7027-91BA-4C15-A5F2-577B152122E8}.Debug|Any CPU.ActiveCfg = Debug|Any CPU
		{18ED7027-91BA-4C15-A5F2-577B152122E8}.Debug|Any CPU.Build.0 = Debug|Any CPU
		{18ED7027-91BA-4C15-A5F2-577B152122E8}.Release|Any CPU.ActiveCfg = Release|Any CPU
		{18ED7027-91BA-4C15-A5F2-577B152122E8}.Release|Any CPU.Build.0 = Release|Any CPU
		{66BCFF76-2F8F-4EBC-BBBC-A47E8129FA1C}.Debug|Any CPU.ActiveCfg = Debug|Any CPU
		{66BCFF76-2F8F-4EBC-BBBC-A47E8129FA1C}.Debug|Any CPU.Build.0 = Debug|Any CPU
		{66BCFF76-2F8F-4EBC-BBBC-A47E8129FA1C}.Release|Any CPU.ActiveCfg = Release|Any CPU
		{66BCFF76-2F8F-4EBC-BBBC-A47E8129FA1C}.Release|Any CPU.Build.0 = Release|Any CPU
		{AC19889A-7176-45E0-BDA0-9E7FEC027A49}.Debug|Any CPU.ActiveCfg = Debug|Any CPU
		{AC19889A-7176-45E0-BDA0-9E7FEC027A49}.Debug|Any CPU.Build.0 = Debug|Any CPU
		{AC19889A-7176-45E0-BDA0-9E7FEC027A49}.Release|Any CPU.ActiveCfg = Release|Any CPU
		{AC19889A-7176-45E0-BDA0-9E7FEC027A49}.Release|Any CPU.Build.0 = Release|Any CPU
		{85355C6F-D9ED-4A75-BF94-D9DE98E11781}.Debug|Any CPU.ActiveCfg = Debug|Any CPU
		{85355C6F-D9ED-4A75-BF94-D9DE98E11781}.Debug|Any CPU.Build.0 = Debug|Any CPU
		{85355C6F-D9ED-4A75-BF94-D9DE98E11781}.Release|Any CPU.ActiveCfg = Release|Any CPU
		{85355C6F-D9ED-4A75-BF94-D9DE98E11781}.Release|Any CPU.Build.0 = Release|Any CPU
		{D60F4A05-7760-485A-8E4D-B7649BD73727}.Debug|Any CPU.ActiveCfg = Debug|Any CPU
		{D60F4A05-7760-485A-8E4D-B7649BD73727}.Debug|Any CPU.Build.0 = Debug|Any CPU
		{D60F4A05-7760-485A-8E4D-B7649BD73727}.Release|Any CPU.ActiveCfg = Release|Any CPU
		{D60F4A05-7760-485A-8E4D-B7649BD73727}.Release|Any CPU.Build.0 = Release|Any CPU
		{877B691F-6C76-4923-8C10-16E13E636CFF}.Debug|Any CPU.ActiveCfg = Debug|Any CPU
		{877B691F-6C76-4923-8C10-16E13E636CFF}.Debug|Any CPU.Build.0 = Debug|Any CPU
		{877B691F-6C76-4923-8C10-16E13E636CFF}.Release|Any CPU.ActiveCfg = Release|Any CPU
		{877B691F-6C76-4923-8C10-16E13E636CFF}.Release|Any CPU.Build.0 = Release|Any CPU
		{4785C1E7-B416-462F-9C2C-AD3B28E6AE88}.Debug|Any CPU.ActiveCfg = Debug|Any CPU
		{4785C1E7-B416-462F-9C2C-AD3B28E6AE88}.Debug|Any CPU.Build.0 = Debug|Any CPU
		{4785C1E7-B416-462F-9C2C-AD3B28E6AE88}.Release|Any CPU.ActiveCfg = Release|Any CPU
		{4785C1E7-B416-462F-9C2C-AD3B28E6AE88}.Release|Any CPU.Build.0 = Release|Any CPU
		{AB922C82-859C-4FB7-A2AE-9D9533C174B9}.Debug|Any CPU.ActiveCfg = Debug|Any CPU
		{AB922C82-859C-4FB7-A2AE-9D9533C174B9}.Debug|Any CPU.Build.0 = Debug|Any CPU
		{AB922C82-859C-4FB7-A2AE-9D9533C174B9}.Release|Any CPU.ActiveCfg = Release|Any CPU
		{AB922C82-859C-4FB7-A2AE-9D9533C174B9}.Release|Any CPU.Build.0 = Release|Any CPU
		{BD23E9DB-71CF-48A2-894E-BCC6BC377DC0}.Debug|Any CPU.ActiveCfg = Debug|Any CPU
		{BD23E9DB-71CF-48A2-894E-BCC6BC377DC0}.Debug|Any CPU.Build.0 = Debug|Any CPU
		{BD23E9DB-71CF-48A2-894E-BCC6BC377DC0}.Release|Any CPU.ActiveCfg = Release|Any CPU
		{BD23E9DB-71CF-48A2-894E-BCC6BC377DC0}.Release|Any CPU.Build.0 = Release|Any CPU
		{87CC7086-C807-41D7-8930-A14EBD5F183E}.Debug|Any CPU.ActiveCfg = Debug|Any CPU
		{87CC7086-C807-41D7-8930-A14EBD5F183E}.Debug|Any CPU.Build.0 = Debug|Any CPU
		{87CC7086-C807-41D7-8930-A14EBD5F183E}.Release|Any CPU.ActiveCfg = Release|Any CPU
		{87CC7086-C807-41D7-8930-A14EBD5F183E}.Release|Any CPU.Build.0 = Release|Any CPU
	EndGlobalSection
	GlobalSection(SolutionProperties) = preSolution
		HideSolutionNode = FALSE
	EndGlobalSection
	GlobalSection(NestedProjects) = preSolution
		{DAE58D9A-4631-4A8E-8298-3AB6B041B2E8} = {46E13B8A-408E-4800-8372-70D0B0B96E03}
		{5EAF963F-DBD8-4C3E-8B5F-C2F6F74ECA68} = {F210E6FF-7A59-4A82-B3A5-DB21A1EC2566}
		{18ED7027-91BA-4C15-A5F2-577B152122E8} = {BA844290-97D0-44F5-85F5-F4734D94C883}
		{66BCFF76-2F8F-4EBC-BBBC-A47E8129FA1C} = {F123F593-D34C-4947-B25A-745AA92DDA3B}
		{AC19889A-7176-45E0-BDA0-9E7FEC027A49} = {055310DA-AC61-4D52-B6B8-84B24CDEF5A7}
		{85355C6F-D9ED-4A75-BF94-D9DE98E11781} = {D0C09AF8-BC70-478F-BEF0-7D29C6DA78B9}
		{D60F4A05-7760-485A-8E4D-B7649BD73727} = {22170500-389A-462C-92B0-1C8DB669D617}
		{877B691F-6C76-4923-8C10-16E13E636CFF} = {F123F593-D34C-4947-B25A-745AA92DDA3B}
		{4785C1E7-B416-462F-9C2C-AD3B28E6AE88} = {055310DA-AC61-4D52-B6B8-84B24CDEF5A7}
		{AB922C82-859C-4FB7-A2AE-9D9533C174B9} = {F123F593-D34C-4947-B25A-745AA92DDA3B}
		{BD23E9DB-71CF-48A2-894E-BCC6BC377DC0} = {055310DA-AC61-4D52-B6B8-84B24CDEF5A7}
		{87CC7086-C807-41D7-8930-A14EBD5F183E} = {D0C09AF8-BC70-478F-BEF0-7D29C6DA78B9}
	EndGlobalSection
	GlobalSection(ExtensibilityGlobals) = postSolution
		SolutionGuid = {0F2F7AD8-F594-44C9-A77B-6B2CA0922419}
	EndGlobalSection
EndGlobal
